
Microsoft Visual Studio Solution File, Format Version 12.00
# Visual Studio 15
VisualStudioVersion = 15.0.27703.2035
MinimumVisualStudioVersion = 10.0.40219.1
Project("{FAE04EC0-301F-11D3-BF4B-00C04F79EFBC}") = "Project-Daisy.Android", "Project-Daisy\Project-Daisy.Android\Project-Daisy.Android.csproj", "{D6263D6C-5BAD-4BAE-ADC3-C2DB4AE27DE8}"
EndProject
Project("{FAE04EC0-301F-11D3-BF4B-00C04F79EFBC}") = "Project-Daisy.iOS", "Project-Daisy\Project-Daisy.iOS\Project-Daisy.iOS.csproj", "{A422D23B-C74F-4DDB-AF04-D0981D70BF57}"
EndProject
Project("{9A19103F-16F7-4668-BE54-9A1E7A4F7556}") = "Project-Daisy", "Project-Daisy\Project-Daisy\Project-Daisy.csproj", "{7A75A2A2-39AC-4536-8377-8953426D0C8E}"
EndProject
Project("{FAE04EC0-301F-11D3-BF4B-00C04F79EFBC}") = "Project-Daisy.Services", "Project-Daisy.Services\Project-Daisy.Services.csproj", "{2D09E487-D815-4C20-A7CB-78565A3C77BE}"
EndProject
Global
	GlobalSection(SolutionConfigurationPlatforms) = preSolution
		Debug|Any CPU = Debug|Any CPU
		Debug|iPhone = Debug|iPhone
		Debug|iPhoneSimulator = Debug|iPhoneSimulator
		Release|Any CPU = Release|Any CPU
		Release|iPhone = Release|iPhone
		Release|iPhoneSimulator = Release|iPhoneSimulator
	EndGlobalSection
	GlobalSection(ProjectConfigurationPlatforms) = postSolution
		{D6263D6C-5BAD-4BAE-ADC3-C2DB4AE27DE8}.Debug|Any CPU.ActiveCfg = Debug|Any CPU
		{D6263D6C-5BAD-4BAE-ADC3-C2DB4AE27DE8}.Debug|Any CPU.Build.0 = Debug|Any CPU
		{D6263D6C-5BAD-4BAE-ADC3-C2DB4AE27DE8}.Debug|Any CPU.Deploy.0 = Debug|Any CPU
		{D6263D6C-5BAD-4BAE-ADC3-C2DB4AE27DE8}.Debug|iPhone.ActiveCfg = Debug|Any CPU
		{D6263D6C-5BAD-4BAE-ADC3-C2DB4AE27DE8}.Debug|iPhone.Build.0 = Debug|Any CPU
		{D6263D6C-5BAD-4BAE-ADC3-C2DB4AE27DE8}.Debug|iPhone.Deploy.0 = Debug|Any CPU
		{D6263D6C-5BAD-4BAE-ADC3-C2DB4AE27DE8}.Debug|iPhoneSimulator.ActiveCfg = Debug|Any CPU
		{D6263D6C-5BAD-4BAE-ADC3-C2DB4AE27DE8}.Debug|iPhoneSimulator.Build.0 = Debug|Any CPU
		{D6263D6C-5BAD-4BAE-ADC3-C2DB4AE27DE8}.Debug|iPhoneSimulator.Deploy.0 = Debug|Any CPU
		{D6263D6C-5BAD-4BAE-ADC3-C2DB4AE27DE8}.Release|Any CPU.ActiveCfg = Release|Any CPU
		{D6263D6C-5BAD-4BAE-ADC3-C2DB4AE27DE8}.Release|Any CPU.Build.0 = Release|Any CPU
		{D6263D6C-5BAD-4BAE-ADC3-C2DB4AE27DE8}.Release|Any CPU.Deploy.0 = Release|Any CPU
		{D6263D6C-5BAD-4BAE-ADC3-C2DB4AE27DE8}.Release|iPhone.ActiveCfg = Release|Any CPU
		{D6263D6C-5BAD-4BAE-ADC3-C2DB4AE27DE8}.Release|iPhone.Build.0 = Release|Any CPU
		{D6263D6C-5BAD-4BAE-ADC3-C2DB4AE27DE8}.Release|iPhone.Deploy.0 = Release|Any CPU
		{D6263D6C-5BAD-4BAE-ADC3-C2DB4AE27DE8}.Release|iPhoneSimulator.ActiveCfg = Release|Any CPU
		{D6263D6C-5BAD-4BAE-ADC3-C2DB4AE27DE8}.Release|iPhoneSimulator.Build.0 = Release|Any CPU
		{D6263D6C-5BAD-4BAE-ADC3-C2DB4AE27DE8}.Release|iPhoneSimulator.Deploy.0 = Release|Any CPU
		{A422D23B-C74F-4DDB-AF04-D0981D70BF57}.Debug|Any CPU.ActiveCfg = Debug|iPhoneSimulator
		{A422D23B-C74F-4DDB-AF04-D0981D70BF57}.Debug|Any CPU.Build.0 = Debug|iPhoneSimulator
		{A422D23B-C74F-4DDB-AF04-D0981D70BF57}.Debug|Any CPU.Deploy.0 = Debug|iPhoneSimulator
		{A422D23B-C74F-4DDB-AF04-D0981D70BF57}.Debug|iPhone.ActiveCfg = Debug|iPhone
		{A422D23B-C74F-4DDB-AF04-D0981D70BF57}.Debug|iPhone.Build.0 = Debug|iPhone
		{A422D23B-C74F-4DDB-AF04-D0981D70BF57}.Debug|iPhone.Deploy.0 = Debug|iPhone
		{A422D23B-C74F-4DDB-AF04-D0981D70BF57}.Debug|iPhoneSimulator.ActiveCfg = Debug|iPhoneSimulator
		{A422D23B-C74F-4DDB-AF04-D0981D70BF57}.Debug|iPhoneSimulator.Build.0 = Debug|iPhoneSimulator
		{A422D23B-C74F-4DDB-AF04-D0981D70BF57}.Debug|iPhoneSimulator.Deploy.0 = Debug|iPhoneSimulator
		{A422D23B-C74F-4DDB-AF04-D0981D70BF57}.Release|Any CPU.ActiveCfg = Release|iPhone
		{A422D23B-C74F-4DDB-AF04-D0981D70BF57}.Release|Any CPU.Build.0 = Release|iPhone
		{A422D23B-C74F-4DDB-AF04-D0981D70BF57}.Release|Any CPU.Deploy.0 = Release|iPhone
		{A422D23B-C74F-4DDB-AF04-D0981D70BF57}.Release|iPhone.ActiveCfg = Release|iPhone
		{A422D23B-C74F-4DDB-AF04-D0981D70BF57}.Release|iPhone.Build.0 = Release|iPhone
		{A422D23B-C74F-4DDB-AF04-D0981D70BF57}.Release|iPhone.Deploy.0 = Release|iPhone
		{A422D23B-C74F-4DDB-AF04-D0981D70BF57}.Release|iPhoneSimulator.ActiveCfg = Release|iPhoneSimulator
		{A422D23B-C74F-4DDB-AF04-D0981D70BF57}.Release|iPhoneSimulator.Build.0 = Release|iPhoneSimulator
		{A422D23B-C74F-4DDB-AF04-D0981D70BF57}.Release|iPhoneSimulator.Deploy.0 = Release|iPhoneSimulator
		{7A75A2A2-39AC-4536-8377-8953426D0C8E}.Debug|Any CPU.ActiveCfg = Debug|Any CPU
		{7A75A2A2-39AC-4536-8377-8953426D0C8E}.Debug|Any CPU.Build.0 = Debug|Any CPU
		{7A75A2A2-39AC-4536-8377-8953426D0C8E}.Debug|Any CPU.Deploy.0 = Debug|Any CPU
		{7A75A2A2-39AC-4536-8377-8953426D0C8E}.Debug|iPhone.ActiveCfg = Debug|Any CPU
		{7A75A2A2-39AC-4536-8377-8953426D0C8E}.Debug|iPhone.Build.0 = Debug|Any CPU
		{7A75A2A2-39AC-4536-8377-8953426D0C8E}.Debug|iPhone.Deploy.0 = Debug|Any CPU
		{7A75A2A2-39AC-4536-8377-8953426D0C8E}.Debug|iPhoneSimulator.ActiveCfg = Debug|Any CPU
		{7A75A2A2-39AC-4536-8377-8953426D0C8E}.Debug|iPhoneSimulator.Build.0 = Debug|Any CPU
		{7A75A2A2-39AC-4536-8377-8953426D0C8E}.Debug|iPhoneSimulator.Deploy.0 = Debug|Any CPU
		{7A75A2A2-39AC-4536-8377-8953426D0C8E}.Release|Any CPU.ActiveCfg = Release|Any CPU
		{7A75A2A2-39AC-4536-8377-8953426D0C8E}.Release|Any CPU.Build.0 = Release|Any CPU
		{7A75A2A2-39AC-4536-8377-8953426D0C8E}.Release|Any CPU.Deploy.0 = Release|Any CPU
		{7A75A2A2-39AC-4536-8377-8953426D0C8E}.Release|iPhone.ActiveCfg = Release|Any CPU
		{7A75A2A2-39AC-4536-8377-8953426D0C8E}.Release|iPhone.Build.0 = Release|Any CPU
		{7A75A2A2-39AC-4536-8377-8953426D0C8E}.Release|iPhone.Deploy.0 = Release|Any CPU
		{7A75A2A2-39AC-4536-8377-8953426D0C8E}.Release|iPhoneSimulator.ActiveCfg = Release|Any CPU
		{7A75A2A2-39AC-4536-8377-8953426D0C8E}.Release|iPhoneSimulator.Build.0 = Release|Any CPU
		{7A75A2A2-39AC-4536-8377-8953426D0C8E}.Release|iPhoneSimulator.Deploy.0 = Release|Any CPU
		{2D09E487-D815-4C20-A7CB-78565A3C77BE}.Debug|Any CPU.ActiveCfg = Debug|Any CPU
		{2D09E487-D815-4C20-A7CB-78565A3C77BE}.Debug|Any CPU.Build.0 = Debug|Any CPU
		{2D09E487-D815-4C20-A7CB-78565A3C77BE}.Debug|iPhone.ActiveCfg = Debug|Any CPU
		{2D09E487-D815-4C20-A7CB-78565A3C77BE}.Debug|iPhone.Build.0 = Debug|Any CPU
		{2D09E487-D815-4C20-A7CB-78565A3C77BE}.Debug|iPhoneSimulator.ActiveCfg = Debug|Any CPU
		{2D09E487-D815-4C20-A7CB-78565A3C77BE}.Debug|iPhoneSimulator.Build.0 = Debug|Any CPU
		{2D09E487-D815-4C20-A7CB-78565A3C77BE}.Release|Any CPU.ActiveCfg = Release|Any CPU
		{2D09E487-D815-4C20-A7CB-78565A3C77BE}.Release|Any CPU.Build.0 = Release|Any CPU
		{2D09E487-D815-4C20-A7CB-78565A3C77BE}.Release|iPhone.ActiveCfg = Release|Any CPU
		{2D09E487-D815-4C20-A7CB-78565A3C77BE}.Release|iPhone.Build.0 = Release|Any CPU
		{2D09E487-D815-4C20-A7CB-78565A3C77BE}.Release|iPhoneSimulator.ActiveCfg = Release|Any CPU
		{2D09E487-D815-4C20-A7CB-78565A3C77BE}.Release|iPhoneSimulator.Build.0 = Release|Any CPU
	EndGlobalSection
	GlobalSection(SolutionProperties) = preSolution
		HideSolutionNode = FALSE
	EndGlobalSection
	GlobalSection(ExtensibilityGlobals) = postSolution
		SolutionGuid = {6CD9C554-F492-45AA-AA3E-4241AC5E2A60}
	EndGlobalSection
EndGlobal
